
Microsoft Visual Studio Solution File, Format Version 12.00
# Visual Studio Version 16
VisualStudioVersion = 16.0.30804.86
MinimumVisualStudioVersion = 10.0.40219.1
Project("{FAE04EC0-301F-11D3-BF4B-00C04F79EFBC}") = "DragonFish", "DragonFish\DragonFish.csproj", "{8A04FEF5-232E-4DE3-BE96-A5C492748767}"
EndProject
Global
	GlobalSection(SolutionConfigurationPlatforms) = preSolution
		Debug|Any CPU = Debug|Any CPU
		Release|Any CPU = Release|Any CPU
	EndGlobalSection
	GlobalSection(ProjectConfigurationPlatforms) = postSolution
		{8A04FEF5-232E-4DE3-BE96-A5C492748767}.Debug|Any CPU.ActiveCfg = Debug|Any CPU
		{8A04FEF5-232E-4DE3-BE96-A5C492748767}.Debug|Any CPU.Build.0 = Debug|Any CPU
		{8A04FEF5-232E-4DE3-BE96-A5C492748767}.Release|Any CPU.ActiveCfg = Release|Any CPU
		{8A04FEF5-232E-4DE3-BE96-A5C492748767}.Release|Any CPU.Build.0 = Release|Any CPU
	EndGlobalSection
	GlobalSection(SolutionProperties) = preSolution
		HideSolutionNode = FALSE
	EndGlobalSection
	GlobalSection(ExtensibilityGlobals) = postSolution
		SolutionGuid = {26ED44C6-850B-421C-80AC-C7D245A26E29}
	EndGlobalSection
EndGlobal
